
Microsoft Visual Studio Solution File, Format Version 12.00
# Visual Studio 2012
Project("{FAE04EC0-301F-11D3-BF4B-00C04F79EFBC}") = "TcpServer", "TcpServer\TcpServer.csproj", "{CEF793D4-5A04-4334-96C8-907F9EF2BFE0}"
EndProject
Global
	GlobalSection(SolutionConfigurationPlatforms) = preSolution
		Debug|Any CPU = Debug|Any CPU
		Release|Any CPU = Release|Any CPU
	EndGlobalSection
	GlobalSection(ProjectConfigurationPlatforms) = postSolution
		{CEF793D4-5A04-4334-96C8-907F9EF2BFE0}.Debug|Any CPU.ActiveCfg = Debug|Any CPU
		{CEF793D4-5A04-4334-96C8-907F9EF2BFE0}.Debug|Any CPU.Build.0 = Debug|Any CPU
		{CEF793D4-5A04-4334-96C8-907F9EF2BFE0}.Release|Any CPU.ActiveCfg = Release|Any CPU
		{CEF793D4-5A04-4334-96C8-907F9EF2BFE0}.Release|Any CPU.Build.0 = Release|Any CPU
	EndGlobalSection
	GlobalSection(SolutionProperties) = preSolution
		HideSolutionNode = FALSE
	EndGlobalSection
EndGlobal
